PODS:
  - Nimble (10.0.0)
  - OneSolutionAPI (0.0.1)
  - Quick (2.2.1)

DEPENDENCIES:
  - Nimble (~> 10.0.0)
  - OneSolutionAPI (from `../`)
  - Quick (~> 2.2.0)

SPEC REPOS:
  trunk:
    - Nimble
    - Quick

EXTERNAL SOURCES:
  OneSolutionAPI:
    :path: "../"

SPEC CHECKSUMS:
  Nimble: 5316ef81a170ce87baf72dd961f22f89a602ff84
  OneSolutionAPI: cf5c05270c413d32599dd07e33f37ae9fae787c2
  Quick: f5754d69b7013f5864c29aab9ae6f0c79c5bc200

PODFILE CHECKSUM: 349330c420bd1f00aec4b3f45bb201399572a550

COCOAPODS: 1.12.1
